
Microsoft Visual Studio Solution File, Format Version 12.00
# Visual Studio Version 16
VisualStudioVersion = 16.0.31613.86
MinimumVisualStudioVersion = 10.0.40219.1
Project("{FAE04EC0-301F-11D3-BF4B-00C04F79EFBC}") = "IcyPhoenix.WorldFlipper.Extractor", "IcyPhoenix.WorldFlipper.Extractor\IcyPhoenix.WorldFlipper.Extractor.csproj", "{B996DEF7-9BB2-4856-A811-B4496C6492FA}"
EndProject
Global
	GlobalSection(SolutionConfigurationPlatforms) = preSolution
		Debug|Any CPU = Debug|Any CPU
		Release|Any CPU = Release|Any CPU
	EndGlobalSection
	GlobalSection(ProjectConfigurationPlatforms) = postSolution
		{B996DEF7-9BB2-4856-A811-B4496C6492FA}.Debug|Any CPU.ActiveCfg = Debug|Any CPU
		{B996DEF7-9BB2-4856-A811-B4496C6492FA}.Debug|Any CPU.Build.0 = Debug|Any CPU
		{B996DEF7-9BB2-4856-A811-B4496C6492FA}.Release|Any CPU.ActiveCfg = Release|Any CPU
		{B996DEF7-9BB2-4856-A811-B4496C6492FA}.Release|Any CPU.Build.0 = Release|Any CPU
	EndGlobalSection
	GlobalSection(SolutionProperties) = preSolution
		HideSolutionNode = FALSE
	EndGlobalSection
	GlobalSection(ExtensibilityGlobals) = postSolution
		SolutionGuid = {402F670B-FCA7-4AEA-850F-415ACDC6C37A}
	EndGlobalSection
EndGlobal
